
Microsoft Visual Studio Solution File, Format Version 12.00
# Visual Studio Version 16
VisualStudioVersion = 16.0.30114.105
MinimumVisualStudioVersion = 10.0.40219.1
Project("{FAE04EC0-301F-11D3-BF4B-00C04F79EFBC}") = "Hackathon.API", "Hackathon.API\Hackathon.API.csproj", "{BD58F74E-A05B-47B8-A418-61E6A1794BA9}"
EndProject
Project("{FAE04EC0-301F-11D3-BF4B-00C04F79EFBC}") = "Hackathon.Application", "Hackathon.Application\Hackathon.Application.csproj", "{58A234BC-37DF-428B-8029-A2CEB6B1E43F}"
EndProject
Project("{FAE04EC0-301F-11D3-BF4B-00C04F79EFBC}") = "Hackathon.Domain", "Hackathon.Domain\Hackathon.Domain.csproj", "{DED544D1-B164-4D2C-B5E3-DD27C15B4D98}"
EndProject
Project("{FAE04EC0-301F-11D3-BF4B-00C04F79EFBC}") = "Hackathon.Infrastructure", "Hackathon.Infrastructure\Hackathon.Infrastructure.csproj", "{A2B204FB-7ED5-4F0F-9D6E-0B4008645ABF}"
EndProject
Global
	GlobalSection(SolutionConfigurationPlatforms) = preSolution
		Debug|Any CPU = Debug|Any CPU
		Release|Any CPU = Release|Any CPU
	EndGlobalSection
	GlobalSection(SolutionProperties) = preSolution
		HideSolutionNode = FALSE
	EndGlobalSection
	GlobalSection(ProjectConfigurationPlatforms) = postSolution
		{BD58F74E-A05B-47B8-A418-61E6A1794BA9}.Debug|Any CPU.ActiveCfg = Debug|Any CPU
		{BD58F74E-A05B-47B8-A418-61E6A1794BA9}.Debug|Any CPU.Build.0 = Debug|Any CPU
		{BD58F74E-A05B-47B8-A418-61E6A1794BA9}.Release|Any CPU.ActiveCfg = Release|Any CPU
		{BD58F74E-A05B-47B8-A418-61E6A1794BA9}.Release|Any CPU.Build.0 = Release|Any CPU
		{58A234BC-37DF-428B-8029-A2CEB6B1E43F}.Debug|Any CPU.ActiveCfg = Debug|Any CPU
		{58A234BC-37DF-428B-8029-A2CEB6B1E43F}.Debug|Any CPU.Build.0 = Debug|Any CPU
		{58A234BC-37DF-428B-8029-A2CEB6B1E43F}.Release|Any CPU.ActiveCfg = Release|Any CPU
		{58A234BC-37DF-428B-8029-A2CEB6B1E43F}.Release|Any CPU.Build.0 = Release|Any CPU
		{DED544D1-B164-4D2C-B5E3-DD27C15B4D98}.Debug|Any CPU.ActiveCfg = Debug|Any CPU
		{DED544D1-B164-4D2C-B5E3-DD27C15B4D98}.Debug|Any CPU.Build.0 = Debug|Any CPU
		{DED544D1-B164-4D2C-B5E3-DD27C15B4D98}.Release|Any CPU.ActiveCfg = Release|Any CPU
		{DED544D1-B164-4D2C-B5E3-DD27C15B4D98}.Release|Any CPU.Build.0 = Release|Any CPU
		{A2B204FB-7ED5-4F0F-9D6E-0B4008645ABF}.Debug|Any CPU.ActiveCfg = Debug|Any CPU
		{A2B204FB-7ED5-4F0F-9D6E-0B4008645ABF}.Debug|Any CPU.Build.0 = Debug|Any CPU
		{A2B204FB-7ED5-4F0F-9D6E-0B4008645ABF}.Release|Any CPU.ActiveCfg = Release|Any CPU
		{A2B204FB-7ED5-4F0F-9D6E-0B4008645ABF}.Release|Any CPU.Build.0 = Release|Any CPU
	EndGlobalSection
EndGlobal
